# This file is automatically @generated by Poetry 1.8.3 and should not be changed by hand.

[[package]]
name = "numpy"
version = "2.0.2"
description = "Fundamental package for array computing in Python"
optional = false
python-versions = ">=3.9"
files = [
    {file = "numpy-2.0.2-cp310-cp310-macosx_10_9_x86_64.whl", hash = "sha256:51129a29dbe56f9ca83438b706e2e69a39892b5eda6cedcb6b0c9fdc9b0d3ece"},
    {file = "numpy-2.0.2-cp310-cp310-macosx_11_0_arm64.whl", hash = "sha256:f15975dfec0cf2239224d80e32c3170b1d168335eaedee69da84fbe9f1f9cd04"},
    {file = "numpy-2.0.2-cp310-cp310-macosx_14_0_arm64.whl", hash = "sha256:8c5713284ce4e282544c68d1c3b2c7161d38c256d2eefc93c1d683cf47683e66"},
    {file = "numpy-2.0.2-cp310-cp310-macosx_14_0_x86_64.whl", hash = "sha256:becfae3ddd30736fe1889a37f1f580e245ba79a5855bff5f2a29cb3ccc22dd7b"},
    {file = "numpy-2.0.2-cp310-cp310-manylinux_2_17_aarch64.manylinux2014_aarch64.whl", hash = "sha256:2da5960c3cf0df7eafefd806d4e612c5e19358de82cb3c343631188991566ccd"},
    {file = "numpy-2.0.2-cp310-cp310-manylinux_2_17_x86_64.manylinux2014_x86_64.whl", hash = "sha256:496f71341824ed9f3d2fd36cf3ac57ae2e0165c143b55c3a035ee219413f3318"},
    {file = "numpy-2.0.2-cp310-cp310-musllinux_1_1_x86_64.whl", hash = "sha256:a61ec659f68ae254e4d237816e33171497e978140353c0c2038d46e63282d0c8"},
    {file = "numpy-2.0.2-cp310-cp310-musllinux_1_2_aarch64.whl", hash = "sha256:d731a1c6116ba289c1e9ee714b08a8ff882944d4ad631fd411106a30f083c326"},
    {file = "numpy-2.0.2-cp310-cp310-win32.whl", hash = "sha256:984d96121c9f9616cd33fbd0618b7f08e0cfc9600a7ee1d6fd9b239186d19d97"},
    {file = "numpy-2.0.2-cp310-cp310-win_amd64.whl", hash = "sha256:c7b0be4ef08607dd04da4092faee0b86607f111d5ae68036f16cc787e250a131"},
    {file = "numpy-2.0.2-cp311-cp311-macosx_10_9_x86_64.whl", hash = "sha256:49ca4decb342d66018b01932139c0961a8f9ddc7589611158cb3c27cbcf76448"},
    {file = "numpy-2.0.2-cp311-cp311-macosx_11_0_arm64.whl", hash = "sha256:11a76c372d1d37437857280aa142086476136a8c0f373b2e648ab2c8f18fb195"},
    {file = "numpy-2.0.2-cp311-cp311-macosx_14_0_arm64.whl", hash = "sha256:807ec44583fd708a21d4a11d94aedf2f4f3c3719035c76a2bbe1fe8e217bdc57"},
    {file = "numpy-2.0.2-cp311-cp311-macosx_14_0_x86_64.whl", hash = "sha256:8cafab480740e22f8d833acefed5cc87ce276f4ece12fdaa2e8903db2f82897a"},
    {file = "numpy-2.0.2-cp311-cp311-manylinux_2_17_aarch64.manylinux2014_aarch64.whl", hash = "sha256:a15f476a45e6e5a3a79d8a14e62161d27ad897381fecfa4a09ed5322f2085669"},
    {file = "numpy-2.0.2-cp311-cp311-manylinux_2_17_x86_64.manylinux2014_x86_64.whl", hash = "sha256:13e689d772146140a252c3a28501da66dfecd77490b498b168b501835041f951"},
    {file = "numpy-2.0.2-cp311-cp311-musllinux_1_1_x86_64.whl", hash = "sha256:9ea91dfb7c3d1c56a0e55657c0afb38cf1eeae4544c208dc465c3c9f3a7c09f9"},
    {file = "numpy-2.0.2-cp311-cp311-musllinux_1_2_aarch64.whl", hash = "sha256:c1c9307701fec8f3f7a1e6711f9089c06e6284b3afbbcd259f7791282d660a15"},
    {file = "numpy-2.0.2-cp311-cp311-win32.whl", hash = "sha256:a392a68bd329eafac5817e5aefeb39038c48b671afd242710b451e76090e81f4"},
    {file = "numpy-2.0.2-cp311-cp311-win_amd64.whl", hash = "sha256:286cd40ce2b7d652a6f22efdfc6d1edf879440e53e76a75955bc0c826c7e64dc"},
    {file = "numpy-2.0.2-cp312-cp312-macosx_10_9_x86_64.whl", hash = "sha256:df55d490dea7934f330006d0f81e8551ba6010a5bf035a249ef61a94f21c500b"},
    {file = "numpy-2.0.2-cp312-cp312-macosx_11_0_arm64.whl", hash = "sha256:8df823f570d9adf0978347d1f926b2a867d5608f434a7cff7f7908c6570dcf5e"},
    {file = "numpy-2.0.2-cp312-cp312-macosx_14_0_arm64.whl", hash = "sha256:9a92ae5c14811e390f3767053ff54eaee3bf84576d99a2456391401323f4ec2c"},
    {file = "numpy-2.0.2-cp312-cp312-macosx_14_0_x86_64.whl", hash = "sha256:a842d573724391493a97a62ebbb8e731f8a5dcc5d285dfc99141ca15a3302d0c"},
    {file = "numpy-2.0.2-cp312-cp312-manylinux_2_17_aarch64.manylinux2014_aarch64.whl", hash = "sha256:c05e238064fc0610c840d1cf6a13bf63d7e391717d247f1bf0318172e759e692"},
    {file = "numpy-2.0.2-cp312-cp312-manylinux_2_17_x86_64.manylinux2014_x86_64.whl", hash = "sha256:0123ffdaa88fa4ab64835dcbde75dcdf89c453c922f18dced6e27c90d1d0ec5a"},
    {file = "numpy-2.0.2-cp312-cp312-musllinux_1_1_x86_64.whl", hash = "sha256:96a55f64139912d61de9137f11bf39a55ec8faec288c75a54f93dfd39f7eb40c"},
    {file = "numpy-2.0.2-cp312-cp312-musllinux_1_2_aarch64.whl", hash = "sha256:ec9852fb39354b5a45a80bdab5ac02dd02b15f44b3804e9f00c556bf24b4bded"},
    {file = "numpy-2.0.2-cp312-cp312-win32.whl", hash = "sha256:671bec6496f83202ed2d3c8fdc486a8fc86942f2e69ff0e986140339a63bcbe5"},
    {file = "numpy-2.0.2-cp312-cp312-win_amd64.whl", hash = "sha256:cfd41e13fdc257aa5778496b8caa5e856dc4896d4ccf01841daee1d96465467a"},
    {file = "numpy-2.0.2-cp39-cp39-macosx_10_9_x86_64.whl", hash = "sha256:9059e10581ce4093f735ed23f3b9d283b9d517ff46009ddd485f1747eb22653c"},
    {file = "numpy-2.0.2-cp39-cp39-macosx_11_0_arm64.whl", hash = "sha256:423e89b23490805d2a5a96fe40ec507407b8ee786d66f7328be214f9679df6dd"},
    {file = "numpy-2.0.2-cp39-cp39-macosx_14_0_arm64.whl", hash = "sha256:2b2955fa6f11907cf7a70dab0d0755159bca87755e831e47932367fc8f2f2d0b"},
    {file = "numpy-2.0.2-cp39-cp39-macosx_14_0_x86_64.whl", hash = "sha256:97032a27bd9d8988b9a97a8c4d2c9f2c15a81f61e2f21404d7e8ef00cb5be729"},
    {file = "numpy-2.0.2-cp39-cp39-manylinux_2_17_aarch64.manylinux2014_aarch64.whl", hash = "sha256:1e795a8be3ddbac43274f18588329c72939870a16cae810c2b73461c40718ab1"},
    {file = "numpy-2.0.2-cp39-cp39-manylinux_2_17_x86_64.manylinux2014_x86_64.whl", hash = "sha256:f26b258c385842546006213344c50655ff1555a9338e2e5e02a0756dc3e803dd"},
    {file = "numpy-2.0.2-cp39-cp39-musllinux_1_1_x86_64.whl", hash = "sha256:5fec9451a7789926bcf7c2b8d187292c9f93ea30284802a0ab3f5be8ab36865d"},
    {file = "numpy-2.0.2-cp39-cp39-musllinux_1_2_aarch64.whl", hash = "sha256:9189427407d88ff25ecf8f12469d4d39d35bee1db5d39fc5c168c6f088a6956d"},
    {file = "numpy-2.0.2-cp39-cp39-win32.whl", hash = "sha256:905d16e0c60200656500c95b6b8dca5d109e23cb24abc701d41c02d74c6b3afa"},
    {file = "numpy-2.0.2-cp39-cp39-win_amd64.whl", hash = "sha256:a3f4ab0caa7f053f6797fcd4e1e25caee367db3112ef2b6ef82d749530768c73"},
    {file = "numpy-2.0.2-pp39-pypy39_pp73-macosx_10_9_x86_64.whl", hash = "sha256:7f0a0c6f12e07fa94133c8a67404322845220c06a9e80e85999afe727f7438b8"},
    {file = "numpy-2.0.2-pp39-pypy39_pp73-macosx_14_0_x86_64.whl", hash = "sha256:312950fdd060354350ed123c0e25a71327d3711584beaef30cdaa93320c392d4"},
    {file = "numpy-2.0.2-pp39-pypy39_pp73-manylinux_2_17_x86_64.manylinux2014_x86_64.whl", hash = "sha256:26df23238872200f63518dd2aa984cfca675d82469535dc7162dc2ee52d9dd5c"},
    {file = "numpy-2.0.2-pp39-pypy39_pp73-win_amd64.whl", hash = "sha256:a46288ec55ebbd58947d31d72be2c63cbf839f0a63b49cb755022310792a3385"},
    {file = "numpy-2.0.2.tar.gz", hash = "sha256:883c987dee1880e2a864ab0dc9892292582510604156762362d9326444636e78"},
]

[[package]]
name = "opencv-python"
version = "4.10.0.84"
description = "Wrapper package for OpenCV python bindings."
optional = false
python-versions = ">=3.6"
files = [
    {file = "opencv-python-4.10.0.84.tar.gz", hash = "sha256:72d234e4582e9658ffea8e9cae5b63d488ad06994ef12d81dc303b17472f3526"},
    {file = "opencv_python-4.10.0.84-cp37-abi3-macosx_11_0_arm64.whl", hash = "sha256:fc182f8f4cda51b45f01c64e4cbedfc2f00aff799debebc305d8d0210c43f251"},
    {file = "opencv_python-4.10.0.84-cp37-abi3-macosx_12_0_x86_64.whl", hash = "sha256:71e575744f1d23f79741450254660442785f45a0797212852ee5199ef12eed98"},
    {file = "opencv_python-4.10.0.84-cp37-abi3-manylinux_2_17_aarch64.manylinux2014_aarch64.whl", hash = "sha256:09a332b50488e2dda866a6c5573ee192fe3583239fb26ff2f7f9ceb0bc119ea6"},
    {file = "opencv_python-4.10.0.84-cp37-abi3-manylinux_2_17_x86_64.manylinux2014_x86_64.whl", hash = "sha256:9ace140fc6d647fbe1c692bcb2abce768973491222c067c131d80957c595b71f"},
    {file = "opencv_python-4.10.0.84-cp37-abi3-win32.whl", hash = "sha256:2db02bb7e50b703f0a2d50c50ced72e95c574e1e5a0bb35a8a86d0b35c98c236"},
    {file = "opencv_python-4.10.0.84-cp37-abi3-win_amd64.whl", hash = "sha256:32dbbd94c26f611dc5cc6979e6b7aa1f55a64d6b463cc1dcd3c95505a63e48fe"},
]

[package.dependencies]
numpy = {version = ">=1.26.0", markers = "python_version >= \"3.12\""}

[[package]]
name = "openvino"
version = "2024.4.0"
description = "OpenVINO(TM) Runtime"
optional = false
python-versions = "*"
files = [
    {file = "openvino-2024.4.0-16579-cp310-cp310-macosx_10_15_x86_64.whl", hash = "sha256:8f19d4200ea04ab315a02f8279268851362f434beaa1a70b4f35d2eea1efa402"},
    {file = "openvino-2024.4.0-16579-cp310-cp310-macosx_11_0_arm64.whl", hash = "sha256:4a1da4c8db12559bf2760c8a7c8455e0b4373a20364eaee2c9832a6bb23c88a9"},
    {file = "openvino-2024.4.0-16579-cp310-cp310-manylinux2014_x86_64.whl", hash = "sha256:98325dec5ca8bd79f19ea10fd45ad4631a33d9ab50e30659a91a6239ae02d8f4"},
    {file = "openvino-2024.4.0-16579-cp310-cp310-manylinux_2_31_aarch64.whl", hash = "sha256:61f68366017262603be0d876e2e9b7015789ee6b319da8f1792da28b733193f8"},
    {file = "openvino-2024.4.0-16579-cp310-cp310-win_amd64.whl", hash = "sha256:a5499d6daa91c358803441561b8792231dd964c5432e838df653c1e5df8de945"},
    {file = "openvino-2024.4.0-16579-cp311-cp311-macosx_10_15_x86_64.whl", hash = "sha256:e333a5f8155ae357f74e54b664d52d85fa4036a5ccea5da49a7df7f78826c1ce"},
    {file = "openvino-2024.4.0-16579-cp311-cp311-macosx_11_0_arm64.whl", hash = "sha256:b59fb073da74c7ab6d89f2559e3024044f340750b3e519e25975426beb154942"},
    {file = "openvino-2024.4.0-16579-cp311-cp311-manylinux2014_x86_64.whl", hash = "sha256:4bd3e21a70eff12166bae3b5ea824787b8c766f975f39e3f2d93729b47b74cb6"},
    {file = "openvino-2024.4.0-16579-cp311-cp311-manylinux_2_31_aarch64.whl", hash = "sha256:49b578c4d7325e4a519eb66ee5655871a2b7cd5be9d2de0d5109df23301d10a9"},
    {file = "openvino-2024.4.0-16579-cp311-cp311-win_amd64.whl", hash = "sha256:ab42204c185a4f0df5600a0adb4a4a0c97cebdf630696f94f9d06732714385bc"},
    {file = "openvino-2024.4.0-16579-cp312-cp312-macosx_10_15_x86_64.whl", hash = "sha256:d67d30f830fa3147eb37f31f53c9eaee424a4e93f33eed00d8288f304ef0250a"},
    {file = "openvino-2024.4.0-16579-cp312-cp312-macosx_11_0_arm64.whl", hash = "sha256:50e05d59a90f7950c205d95bb1559e9a8a7d655fe843449d3d426c579fe665f1"},
    {file = "openvino-2024.4.0-16579-cp312-cp312-manylinux2014_x86_64.whl", hash = "sha256:d4cf229fb240b8af44d14686b5bdd94f9eabc70120b9808fc804252fac9ef615"},
    {file = "openvino-2024.4.0-16579-cp312-cp312-manylinux_2_31_aarch64.whl", hash = "sha256:5c8ceeb537019280f69dbe86049c3136e648e94fa9f3da9ef0433975e479ad09"},
    {file = "openvino-2024.4.0-16579-cp312-cp312-win_amd64.whl", hash = "sha256:83af7df6f9b7e2a96dfc5d63a774e6ca3f87d64c7372d14f7ae339387474fc5c"},
    {file = "openvino-2024.4.0-16579-cp38-cp38-macosx_10_15_x86_64.whl", hash = "sha256:b23fd5114bf42f04773f293b16965a541d58e46e6847053f1417cd6e47acddf5"},
    {file = "openvino-2024.4.0-16579-cp38-cp38-macosx_11_0_arm64.whl", hash = "sha256:fa6e9fffd31c095e052f6cecb9ac3ff95e0c122418b81b9926b7687465475742"},
    {file = "openvino-2024.4.0-16579-cp38-cp38-manylinux2014_x86_64.whl", hash = "sha256:24b28379bd8d43963829b0b4df957d659269fa647f4f842bd0b3d2f8db76782b"},
    {file = "openvino-2024.4.0-16579-cp38-cp38-manylinux_2_31_aarch64.whl", hash = "sha256:4ed049ab7a2ffb624690e6cf38366383630cd58736320953cc62c78e8b31eae5"},
    {file = "openvino-2024.4.0-16579-cp38-cp38-win_amd64.whl", hash = "sha256:0cccaa53a61629b44408fe0c7537db637be913697b0f3c54c78756e95dfc4498"},
    {file = "openvino-2024.4.0-16579-cp39-cp39-macosx_10_15_x86_64.whl", hash = "sha256:3b0834492ff5bc129debb506a705d26b640bca99a10e641af8f710bd081c9af0"},
    {file = "openvino-2024.4.0-16579-cp39-cp39-macosx_11_0_arm64.whl", hash = "sha256:0e01c22a9989470ebcbb7b05fd07e4297bf6c5ecdca202b05f5dc9d2b3186f39"},
    {file = "openvino-2024.4.0-16579-cp39-cp39-manylinux2014_x86_64.whl", hash = "sha256:fb4781dd9691dc4cfbc6b69f56f724286699e309d4ddc7894fed3ee77b683e2f"},
    {file = "openvino-2024.4.0-16579-cp39-cp39-manylinux_2_31_aarch64.whl", hash = "sha256:74094f8ad81c2ae8500d3361ac087455316a6583016f693d7e1dd1500217ceec"},
    {file = "openvino-2024.4.0-16579-cp39-cp39-win_amd64.whl", hash = "sha256:be834d95405fe3724f104b54f3836e7053646d952c4f8a5dad2267665f55d88f"},
]

[package.dependencies]
numpy = ">=1.16.6,<2.1.0"
openvino-telemetry = ">=2023.2.1"
packaging = "*"

[[package]]
name = "openvino-telemetry"
version = "2024.1.0"
description = "OpenVINO™ Telemetry package for sending statistics with user's consent, used in combination with other OpenVINO™ packages."
optional = false
python-versions = "*"
files = [
    {file = "openvino-telemetry-2024.1.0.tar.gz", hash = "sha256:6df9a8f499e75d893d0bece3c272e798109f0bd40d1eb2488adca6a0da1d9b9f"},
    {file = "openvino_telemetry-2024.1.0-py3-none-any.whl", hash = "sha256:73ec3402a1bfb9050ee8885c7618dcb91456d6489dfa84cda7eed6cfa16a6c88"},
]

[[package]]
name = "packaging"
version = "24.1"
description = "Core utilities for Python packages"
optional = false
python-versions = ">=3.8"
files = [
    {file = "packaging-24.1-py3-none-any.whl", hash = "sha256:5b8f2217dbdbd2f7f384c41c628544e6d52f2d0f53c6d0c3ea61aa5d1d7ff124"},
    {file = "packaging-24.1.tar.gz", hash = "sha256:026ed72c8ed3fcce5bf8950572258698927fd1dbda10a5e981cdf0ac37f4f002"},
]

[metadata]
lock-version = "2.0"
python-versions = "^3.12"
content-hash = "5eccb6a2a1c79593b70b1a268e53cd1442ff60e26dce3514e2c6579e29de294d"
